
Microsoft Visual Studio Solution File, Format Version 12.00
# Visual Studio Version 17
VisualStudioVersion = 17.12.35527.113 d17.12
MinimumVisualStudioVersion = 10.0.40219.1
Project("{FAE04EC0-301F-11D3-BF4B-00C04F79EFBC}") = "ExtremeFirestarters", "ExtremeFirestarters\ExtremeFirestarters.csproj", "{7E836D59-93CE-4960-ABEE-E901800A5E60}"
EndProject
Project("{FAE04EC0-301F-11D3-BF4B-00C04F79EFBC}") = "CakeBuild", "ZZCakeBuild\CakeBuild.csproj", "{4FA19962-07A6-4E01-883F-AD890FF0BA6B}"
EndProject
Global
	GlobalSection(SolutionConfigurationPlatforms) = preSolution
		Debug|Any CPU = Debug|Any CPU
		Release|Any CPU = Release|Any CPU
	EndGlobalSection
	GlobalSection(ProjectConfigurationPlatforms) = postSolution
		{7E836D59-93CE-4960-ABEE-E901800A5E60}.Debug|Any CPU.ActiveCfg = Debug|Any CPU
		{7E836D59-93CE-4960-ABEE-E901800A5E60}.Debug|Any CPU.Build.0 = Debug|Any CPU
		{7E836D59-93CE-4960-ABEE-E901800A5E60}.Release|Any CPU.ActiveCfg = Release|Any CPU
		{7E836D59-93CE-4960-ABEE-E901800A5E60}.Release|Any CPU.Build.0 = Release|Any CPU
		{4FA19962-07A6-4E01-883F-AD890FF0BA6B}.Debug|Any CPU.ActiveCfg = Debug|Any CPU
		{4FA19962-07A6-4E01-883F-AD890FF0BA6B}.Debug|Any CPU.Build.0 = Debug|Any CPU
		{4FA19962-07A6-4E01-883F-AD890FF0BA6B}.Release|Any CPU.ActiveCfg = Release|Any CPU
		{4FA19962-07A6-4E01-883F-AD890FF0BA6B}.Release|Any CPU.Build.0 = Release|Any CPU
	EndGlobalSection
	GlobalSection(SolutionProperties) = preSolution
		HideSolutionNode = FALSE
	EndGlobalSection
EndGlobal
